
Microsoft Visual Studio Solution File, Format Version 12.00
# Visual Studio 15
Project("{D954291E-2A0B-460D-934E-DC6B0785DB48}") = "TestSample", "TestSample\TestSample.shproj", "{1D0B7537-82CF-4FFA-AEA5-E9A4D1ED77B6}"
EndProject
Project("{FAE04EC0-301F-11D3-BF4B-00C04F79EFBC}") = "TestSample.iOS", "iOS\TestSample.iOS.csproj", "{60C48A6A-35FB-4313-9013-F5939239C627}"
EndProject
Project("{FAE04EC0-301F-11D3-BF4B-00C04F79EFBC}") = "TestSample.Droid", "Droid\TestSample.Droid.csproj", "{F65101D2-D71E-4B37-9B5E-6B3B54E27996}"
EndProject
Global
	GlobalSection(SolutionConfigurationPlatforms) = preSolution
		Debug|iPhoneSimulator = Debug|iPhoneSimulator
		Release|iPhone = Release|iPhone
		Release|iPhoneSimulator = Release|iPhoneSimulator
		Debug|iPhone = Debug|iPhone
		Debug|Any CPU = Debug|Any CPU
		Release|Any CPU = Release|Any CPU
	EndGlobalSection
	GlobalSection(ProjectConfigurationPlatforms) = postSolution
		{60C48A6A-35FB-4313-9013-F5939239C627}.Debug|iPhoneSimulator.ActiveCfg = Debug|iPhoneSimulator
		{60C48A6A-35FB-4313-9013-F5939239C627}.Debug|iPhoneSimulator.Build.0 = Debug|iPhoneSimulator
		{60C48A6A-35FB-4313-9013-F5939239C627}.Release|iPhone.ActiveCfg = Release|iPhone
		{60C48A6A-35FB-4313-9013-F5939239C627}.Release|iPhone.Build.0 = Release|iPhone
		{60C48A6A-35FB-4313-9013-F5939239C627}.Release|iPhoneSimulator.ActiveCfg = Release|iPhoneSimulator
		{60C48A6A-35FB-4313-9013-F5939239C627}.Release|iPhoneSimulator.Build.0 = Release|iPhoneSimulator
		{60C48A6A-35FB-4313-9013-F5939239C627}.Debug|iPhone.ActiveCfg = Debug|iPhone
		{60C48A6A-35FB-4313-9013-F5939239C627}.Debug|iPhone.Build.0 = Debug|iPhone
		{60C48A6A-35FB-4313-9013-F5939239C627}.Debug|Any CPU.ActiveCfg = Debug|iPhoneSimulator
		{60C48A6A-35FB-4313-9013-F5939239C627}.Debug|Any CPU.Build.0 = Debug|iPhoneSimulator
		{60C48A6A-35FB-4313-9013-F5939239C627}.Release|Any CPU.ActiveCfg = Release|iPhone
		{60C48A6A-35FB-4313-9013-F5939239C627}.Release|Any CPU.Build.0 = Release|iPhone
		{F65101D2-D71E-4B37-9B5E-6B3B54E27996}.Debug|iPhoneSimulator.ActiveCfg = Debug|Any CPU
		{F65101D2-D71E-4B37-9B5E-6B3B54E27996}.Debug|iPhoneSimulator.Build.0 = Debug|Any CPU
		{F65101D2-D71E-4B37-9B5E-6B3B54E27996}.Release|iPhone.ActiveCfg = Release|Any CPU
		{F65101D2-D71E-4B37-9B5E-6B3B54E27996}.Release|iPhone.Build.0 = Release|Any CPU
		{F65101D2-D71E-4B37-9B5E-6B3B54E27996}.Release|iPhoneSimulator.ActiveCfg = Release|Any CPU
		{F65101D2-D71E-4B37-9B5E-6B3B54E27996}.Release|iPhoneSimulator.Build.0 = Release|Any CPU
		{F65101D2-D71E-4B37-9B5E-6B3B54E27996}.Debug|iPhone.ActiveCfg = Debug|Any CPU
		{F65101D2-D71E-4B37-9B5E-6B3B54E27996}.Debug|iPhone.Build.0 = Debug|Any CPU
		{F65101D2-D71E-4B37-9B5E-6B3B54E27996}.Debug|Any CPU.ActiveCfg = Debug|Any CPU
		{F65101D2-D71E-4B37-9B5E-6B3B54E27996}.Debug|Any CPU.Build.0 = Debug|Any CPU
		{F65101D2-D71E-4B37-9B5E-6B3B54E27996}.Release|Any CPU.ActiveCfg = Release|Any CPU
		{F65101D2-D71E-4B37-9B5E-6B3B54E27996}.Release|Any CPU.Build.0 = Release|Any CPU
	EndGlobalSection
EndGlobal
